// !$*UTF8*$!
{
	archiveVersion = 1;
	classes = {
	};
	objectVersion = 56;
	objects = {

/* Begin PBXBuildFile section */
		602147B12A80C4360031F0B0 /* AppDelegate.swift in Sources */ = {isa = PBXBuildFile; fileRef = 602147B02A80C4360031F0B0 /* AppDelegate.swift */; };
		602147B32A80C4360031F0B0 /* SceneDelegate.swift in Sources */ = {isa = PBXBuildFile; fileRef = 602147B22A80C4360031F0B0 /* SceneDelegate.swift */; };
		602147B52A80C4360031F0B0 /* ViewController.swift in Sources */ = {isa = PBXBuildFile; fileRef = 602147B42A80C4360031F0B0 /* ViewController.swift */; };
		602147B82A80C4360031F0B0 /* Main.storyboard in Resources */ = {isa = PBXBuildFile; fileRef = 602147B62A80C4360031F0B0 /* Main.storyboard */; };
		602147BA2A80C4370031F0B0 /* Assets.xcassets in Resources */ = {isa = PBXBuildFile; fileRef = 602147B92A80C4370031F0B0 /* Assets.xcassets */; };
		602147BD2A80C4370031F0B0 /* LaunchScreen.storyboard in Resources */ = {isa = PBXBuildFile; fileRef = 602147BB2A80C4370031F0B0 /* LaunchScreen.storyboard */; };
		602147C82A80C4370031F0B0 /* api4Tests.swift in Sources */ = {isa = PBXBuildFile; fileRef = 602147C72A80C4370031F0B0 /* api4Tests.swift */; };
		602147D22A80C4370031F0B0 /* api4UITests.swift in Sources */ = {isa = PBXBuildFile; fileRef = 602147D12A80C4370031F0B0 /* api4UITests.swift */; };
		602147D42A80C4370031F0B0 /* api4UITestsLaunchTests.swift in Sources */ = {isa = PBXBuildFile; fileRef = 602147D32A80C4370031F0B0 /* api4UITestsLaunchTests.swift */; };
		602147E12A80C44B0031F0B0 /* model.swift in Sources */ = {isa = PBXBuildFile; fileRef = 602147E02A80C44B0031F0B0 /* model.swift */; };
		602147E42A80C50F0031F0B0 /* Alamofire in Frameworks */ = {isa = PBXBuildFile; productRef = 602147E32A80C50F0031F0B0 /* Alamofire */; };
		602147E62A80C80D0031F0B0 /* TableViewCell1.swift in Sources */ = {isa = PBXBuildFile; fileRef = 602147E52A80C80D0031F0B0 /* TableViewCell1.swift */; };
		602147E82A8206AB0031F0B0 /* ViewController2.swift in Sources */ = {isa = PBXBuildFile; fileRef = 602147E72A8206AB0031F0B0 /* ViewController2.swift */; };
/* End PBXBuildFile section */

/* Begin PBXContainerItemProxy section */
		602147C42A80C4370031F0B0 /* PBXContainerItemProxy */ = {
			isa = PBXContainerItemProxy;
			containerPortal = 602147A52A80C4360031F0B0 /* Project object */;
			proxyType = 1;
			remoteGlobalIDString = 602147AC2A80C4360031F0B0;
			remoteInfo = api4;
		};
		602147CE2A80C4370031F0B0 /* PBXContainerItemProxy */ = {
			isa = PBXContainerItemProxy;
			containerPortal = 602147A52A80C4360031F0B0 /* Project object */;
			proxyType = 1;
			remoteGlobalIDString = 602147AC2A80C4360031F0B0;
			remoteInfo = api4;
		};
/* End PBXContainerItemProxy section */

/* Begin PBXFileReference section */
		602147AD2A80C4360031F0B0 /* api4.app */ = {isa = PBXFileReference; explicitFileType = wrapper.application; includeInIndex = 0; path = api4.app; sourceTree = BUILT_PRODUCTS_DIR; };
		602147B02A80C4360031F0B0 /* AppDelegate.swift */ = {isa = PBXFileReference; lastKnownFileType = sourcecode.swift; path = AppDelegate.swift; sourceTree = "<group>"; };
		602147B22A80C4360031F0B0 /* SceneDelegate.swift */ = {isa = PBXFileReference; lastKnownFileType = sourcecode.swift; path = SceneDelegate.swift; sourceTree = "<group>"; };
		602147B42A80C4360031F0B0 /* ViewController.swift */ = {isa = PBXFileReference; lastKnownFileType = sourcecode.swift; path = ViewController.swift; sourceTree = "<group>"; };
		602147B72A80C4360031F0B0 /* Base */ = {isa = PBXFileReference; lastKnownFileType = file.storyboard; name = Base; path = Base.lproj/Main.storyboard; sourceTree = "<group>"; };
		602147B92A80C4370031F0B0 /* Assets.xcassets */ = {isa = PBXFileReference; lastKnownFileType = folder.assetcatalog; path = Assets.xcassets; sourceTree = "<group>"; };
		602147BC2A80C4370031F0B0 /* Base */ = {isa = PBXFileReference; lastKnownFileType = file.storyboard; name = Base; path = Base.lproj/LaunchScreen.storyboard; sourceTree = "<group>"; };
		602147BE2A80C4370031F0B0 /* Info.plist */ = {isa = PBXFileReference; lastKnownFileType = text.plist.xml; path = Info.plist; sourceTree = "<group>"; };
		602147C32A80C4370031F0B0 /* api4Tests.xctest */ = {isa = PBXFileReference; explicitFileType = wrapper.cfbundle; includeInIndex = 0; path = api4Tests.xctest; sourceTree = BUILT_PRODUCTS_DIR; };
		602147C72A80C4370031F0B0 /* api4Tests.swift */ = {isa = PBXFileReference; lastKnownFileType = sourcecode.swift; path = api4Tests.swift; sourceTree = "<group>"; };
		602147CD2A80C4370031F0B0 /* api4UITests.xctest */ = {isa = PBXFileReference; explicitFileType = wrapper.cfbundle; includeInIndex = 0; path = api4UITests.xctest; sourceTree = BUILT_PRODUCTS_DIR; };
		602147D12A80C4370031F0B0 /* api4UITests.swift */ = {isa = PBXFileReference; lastKnownFileType = sourcecode.swift; path = api4UITests.swift; sourceTree = "<group>"; };
		602147D32A80C4370031F0B0 /* api4UITestsLaunchTests.swift */ = {isa = PBXFileReference; lastKnownFileType = sourcecode.swift; path = api4UITestsLaunchTests.swift; sourceTree = "<group>"; };
		602147E02A80C44B0031F0B0 /* model.swift */ = {isa = PBXFileReference; lastKnownFileType = sourcecode.swift; path = model.swift; sourceTree = "<group>"; };
		602147E52A80C80D0031F0B0 /* TableViewCell1.swift */ = {isa = PBXFileReference; lastKnownFileType = sourcecode.swift; path = TableViewCell1.swift; sourceTree = "<group>"; };
		602147E72A8206AB0031F0B0 /* ViewController2.swift */ = {isa = PBXFileReference; lastKnownFileType = sourcecode.swift; path = ViewController2.swift; sourceTree = "<group>"; };
/* End PBXFileReference section */

/* Begin PBXFrameworksBuildPhase section */
		602147AA2A80C4360031F0B0 /* Frameworks */ = {
			isa = PBXFrameworksBuildPhase;
			buildActionMask = 2147483647;
			files = (
				602147E42A80C50F0031F0B0 /* Alamofire in Frameworks */,
			);
			runOnlyForDeploymentPostprocessing = 0;
		};
		602147C02A80C4370031F0B0 /* Frameworks */ = {
			isa = PBXFrameworksBuildPhase;
			buildActionMask = 2147483647;
			files = (
			);
			runOnlyForDeploymentPostprocessing = 0;
		};
		602147CA2A80C4370031F0B0 /* Frameworks */ = {
			isa = PBXFrameworksBuildPhase;
			buildActionMask = 2147483647;
			files = (
			);
			runOnlyForDeploymentPostprocessing = 0;
		};
/* End PBXFrameworksBuildPhase section */

/* Begin PBXGroup section */
		602147A42A80C4360031F0B0 = {
			isa = PBXGroup;
			children = (
				602147AF2A80C4360031F0B0 /* api4 */,
				602147C62A80C4370031F0B0 /* api4Tests */,
				602147D02A80C4370031F0B0 /* api4UITests */,
				602147AE2A80C4360031F0B0 /* Products */,
			);
			sourceTree = "<group>";
		};
		602147AE2A80C4360031F0B0 /* Products */ = {
			isa = PBXGroup;
			children = (
				602147AD2A80C4360031F0B0 /* api4.app */,
				602147C32A80C4370031F0B0 /* api4Tests.xctest */,
				602147CD2A80C4370031F0B0 /* api4UITests.xctest */,
			);
			name = Products;
			sourceTree = "<group>";
		};
		602147AF2A80C4360031F0B0 /* api4 */ = {
			isa = PBXGroup;
			children = (
				602147B02A80C4360031F0B0 /* AppDelegate.swift */,
				602147B22A80C4360031F0B0 /* SceneDelegate.swift */,
				602147B42A80C4360031F0B0 /* ViewController.swift */,
				602147E52A80C80D0031F0B0 /* TableViewCell1.swift */,
				602147B62A80C4360031F0B0 /* Main.storyboard */,
				602147E72A8206AB0031F0B0 /* ViewController2.swift */,
				602147B92A80C4370031F0B0 /* Assets.xcassets */,
				602147E02A80C44B0031F0B0 /* model.swift */,
				602147BB2A80C4370031F0B0 /* LaunchScreen.storyboard */,
				602147BE2A80C4370031F0B0 /* Info.plist */,
			);
			path = api4;
			sourceTree = "<group>";
		};
		602147C62A80C4370031F0B0 /* api4Tests */ = {
			isa = PBXGroup;
			children = (
				602147C72A80C4370031F0B0 /* api4Tests.swift */,
			);
			path = api4Tests;
			sourceTree = "<group>";
		};
		602147D02A80C4370031F0B0 /* api4UITests */ = {
			isa = PBXGroup;
			children = (
				602147D12A80C4370031F0B0 /* api4UITests.swift */,
				602147D32A80C4370031F0B0 /* api4UITestsLaunchTests.swift */,
			);
			path = api4UITests;
			sourceTree = "<group>";
		};
/* End PBXGroup section */

/* Begin PBXNativeTarget section */
		602147AC2A80C4360031F0B0 /* api4 */ = {
			isa = PBXNativeTarget;
			buildConfigurationList = 602147D72A80C4370031F0B0 /* Build configuration list for PBXNativeTarget "api4" */;
			buildPhases = (
				602147A92A80C4360031F0B0 /* Sources */,
				602147AA2A80C4360031F0B0 /* Frameworks */,
				602147AB2A80C4360031F0B0 /* Resources */,
			);
			buildRules = (
			);
			dependencies = (
			);
			name = api4;
			packageProductDependencies = (
				602147E32A80C50F0031F0B0 /* Alamofire */,
			);
			productName = api4;
			productReference = 602147AD2A80C4360031F0B0 /* api4.app */;
			productType = "com.apple.product-type.application";
		};
		602147C22A80C4370031F0B0 /* api4Tests */ = {
			isa = PBXNativeTarget;
			buildConfigurationList = 602147DA2A80C4370031F0B0 /* Build configuration list for PBXNativeTarget "api4Tests" */;
			buildPhases = (
				602147BF2A80C4370031F0B0 /* Sources */,
				602147C02A80C4370031F0B0 /* Frameworks */,
				602147C12A80C4370031F0B0 /* Resources */,
			);
			buildRules = (
			);
			dependencies = (
				602147C52A80C4370031F0B0 /* PBXTargetDependency */,
			);
			name = api4Tests;
			productName = api4Tests;
			productReference = 602147C32A80C4370031F0B0 /* api4Tests.xctest */;
			productType = "com.apple.product-type.bundle.unit-test";
		};
		602147CC2A80C4370031F0B0 /* api4UITests */ = {
			isa = PBXNativeTarget;
			buildConfigurationList = 602147DD2A80C4370031F0B0 /* Build configuration list for PBXNativeTarget "api4UITests" */;
			buildPhases = (
				602147C92A80C4370031F0B0 /* Sources */,
				602147CA2A80C4370031F0B0 /* Frameworks */,
				602147CB2A80C4370031F0B0 /* Resources */,
			);
			buildRules = (
			);
			dependencies = (
				602147CF2A80C4370031F0B0 /* PBXTargetDependency */,
			);
			name = api4UITests;
			productName = api4UITests;
			productReference = 602147CD2A80C4370031F0B0 /* api4UITests.xctest */;
			productType = "com.apple.product-type.bundle.ui-testing";
		};
/* End PBXNativeTarget section */

/* Begin PBXProject section */
		602147A52A80C4360031F0B0 /* Project object */ = {
			isa = PBXProject;
			attributes = {
				BuildIndependentTargetsInParallel = 1;
				LastSwiftUpdateCheck = 1420;
				LastUpgradeCheck = 1420;
				TargetAttributes = {
					602147AC2A80C4360031F0B0 = {
						CreatedOnToolsVersion = 14.2;
					};
					602147C22A80C4370031F0B0 = {
						CreatedOnToolsVersion = 14.2;
						TestTargetID = 602147AC2A80C4360031F0B0;
					};
					602147CC2A80C4370031F0B0 = {
						CreatedOnToolsVersion = 14.2;
						TestTargetID = 602147AC2A80C4360031F0B0;
					};
				};
			};
			buildConfigurationList = 602147A82A80C4360031F0B0 /* Build configuration list for PBXProject "api4" */;
			compatibilityVersion = "Xcode 14.0";
			developmentRegion = en;
			hasScannedForEncodings = 0;
			knownRegions = (
				en,
				Base,
			);
			mainGroup = 602147A42A80C4360031F0B0;
			packageReferences = (
				602147E22A80C50F0031F0B0 /* XCRemoteSwiftPackageReference "Alamofire" */,
			);
			productRefGroup = 602147AE2A80C4360031F0B0 /* Products */;
			projectDirPath = "";
			projectRoot = "";
			targets = (
				602147AC2A80C4360031F0B0 /* api4 */,
				602147C22A80C4370031F0B0 /* api4Tests */,
				602147CC2A80C4370031F0B0 /* api4UITests */,
			);
		};
/* End PBXProject section */

/* Begin PBXResourcesBuildPhase section */
		602147AB2A80C4360031F0B0 /* Resources */ = {
			isa = PBXResourcesBuildPhase;
			buildActionMask = 2147483647;
			files = (
				602147BD2A80C4370031F0B0 /* LaunchScreen.storyboard in Resources */,
				602147BA2A80C4370031F0B0 /* Assets.xcassets in Resources */,
				602147B82A80C4360031F0B0 /* Main.storyboard in Resources */,
			);
			runOnlyForDeploymentPostprocessing = 0;
		};
		602147C12A80C4370031F0B0 /* Resources */ = {
			isa = PBXResourcesBuildPhase;
			buildActionMask = 2147483647;
			files = (
			);
			runOnlyForDeploymentPostprocessing = 0;
		};
		602147CB2A80C4370031F0B0 /* Resources */ = {
			isa = PBXResourcesBuildPhase;
			buildActionMask = 2147483647;
			files = (
			);
			runOnlyForDeploymentPostprocessing = 0;
		};
/* End PBXResourcesBuildPhase section */

/* Begin PBXSourcesBuildPhase section */
		602147A92A80C4360031F0B0 /* Sources */ = {
			isa = PBXSourcesBuildPhase;
			buildActionMask = 2147483647;
			files = (
				602147E62A80C80D0031F0B0 /* TableViewCell1.swift in Sources */,
				602147B52A80C4360031F0B0 /* ViewController.swift in Sources */,
				602147B12A80C4360031F0B0 /* AppDelegate.swift in Sources */,
				602147B32A80C4360031F0B0 /* SceneDelegate.swift in Sources */,
				602147E12A80C44B0031F0B0 /* model.swift in Sources */,
				602147E82A8206AB0031F0B0 /* ViewController2.swift in Sources */,
			);
			runOnlyForDeploymentPostprocessing = 0;
		};
		602147BF2A80C4370031F0B0 /* Sources */ = {
			isa = PBXSourcesBuildPhase;
			buildActionMask = 2147483647;
			files = (
				602147C82A80C4370031F0B0 /* api4Tests.swift in Sources */,
			);
			runOnlyForDeploymentPostprocessing = 0;
		};
		602147C92A80C4370031F0B0 /* Sources */ = {
			isa = PBXSourcesBuildPhase;
			buildActionMask = 2147483647;
			files = (
				602147D42A80C4370031F0B0 /* api4UITestsLaunchTests.swift in Sources */,
				602147D22A80C4370031F0B0 /* api4UITests.swift in Sources */,
			);
			runOnlyForDeploymentPostprocessing = 0;
		};
/* End PBXSourcesBuildPhase section */

/* Begin PBXTargetDependency section */
		602147C52A80C4370031F0B0 /* PBXTargetDependency */ = {
			isa = PBXTargetDependency;
			target = 602147AC2A80C4360031F0B0 /* api4 */;
			targetProxy = 602147C42A80C4370031F0B0 /* PBXContainerItemProxy */;
		};
		602147CF2A80C4370031F0B0 /* PBXTargetDependency */ = {
			isa = PBXTargetDependency;
			target = 602147AC2A80C4360031F0B0 /* api4 */;
			targetProxy = 602147CE2A80C4370031F0B0 /* PBXContainerItemProxy */;
		};
/* End PBXTargetDependency section */

/* Begin PBXVariantGroup section */
		602147B62A80C4360031F0B0 /* Main.storyboard */ = {
			isa = PBXVariantGroup;
			children = (
				602147B72A80C4360031F0B0 /* Base */,
			);
			name = Main.storyboard;
			sourceTree = "<group>";
		};
		602147BB2A80C4370031F0B0 /* LaunchScreen.storyboard */ = {
			isa = PBXVariantGroup;
			children = (
				602147BC2A80C4370031F0B0 /* Base */,
			);
			name = LaunchScreen.storyboard;
			sourceTree = "<group>";
		};
/* End PBXVariantGroup section */

/* Begin XCBuildConfiguration section */
		602147D52A80C4370031F0B0 /* Debug */ = {
			isa = XCBuildConfiguration;
			buildSettings = {
				ALWAYS_SEARCH_USER_PATHS = NO;
				CLANG_ANALYZER_NONNULL = YES;
				CLANG_ANALYZER_NUMBER_OBJECT_CONVERSION = YES_AGGRESSIVE;
				CLANG_CXX_LANGUAGE_STANDARD = "gnu++20";
				CLANG_ENABLE_MODULES = YES;
				CLANG_ENABLE_OBJC_ARC = YES;
				CLANG_ENABLE_OBJC_WEAK = YES;
				CLANG_WARN_BLOCK_CAPTURE_AUTORELEASING = YES;
				CLANG_WARN_BOOL_CONVERSION = YES;
				CLANG_WARN_COMMA = YES;
				CLANG_WARN_CONSTANT_CONVERSION = YES;
				CLANG_WARN_DEPRECATED_OBJC_IMPLEMENTATIONS = YES;
				CLANG_WARN_DIRECT_OBJC_ISA_USAGE = YES_ERROR;
				CLANG_WARN_DOCUMENTATION_COMMENTS = YES;
				CLANG_WARN_EMPTY_BODY = YES;
				CLANG_WARN_ENUM_CONVERSION = YES;
				CLANG_WARN_INFINITE_RECURSION = YES;
				CLANG_WARN_INT_CONVERSION = YES;
				CLANG_WARN_NON_LITERAL_NULL_CONVERSION = YES;
				CLANG_WARN_OBJC_IMPLICIT_RETAIN_SELF = YES;
				CLANG_WARN_OBJC_LITERAL_CONVERSION = YES;
				CLANG_WARN_OBJC_ROOT_CLASS = YES_ERROR;
				CLANG_WARN_QUOTED_INCLUDE_IN_FRAMEWORK_HEADER = YES;
				CLANG_WARN_RANGE_LOOP_ANALYSIS = YES;
				CLANG_WARN_STRICT_PROTOTYPES = YES;
				CLANG_WARN_SUSPICIOUS_MOVE = YES;
				CLANG_WARN_UNGUARDED_AVAILABILITY = YES_AGGRESSIVE;
				CLANG_WARN_UNREACHABLE_CODE = YES;
				CLANG_WARN__DUPLICATE_METHOD_MATCH = YES;
				COPY_PHASE_STRIP = NO;
				DEBUG_INFORMATION_FORMAT = dwarf;
				ENABLE_STRICT_OBJC_MSGSEND = YES;
				ENABLE_TESTABILITY = YES;
				GCC_C_LANGUAGE_STANDARD = gnu11;
				GCC_DYNAMIC_NO_PIC = NO;
				GCC_NO_COMMON_BLOCKS = YES;
				GCC_OPTIMIZATION_LEVEL = 0;
				GCC_PREPROCESSOR_DEFINITIONS = (
					"DEBUG=1",
					"$(inherited)",
				);
				GCC_WARN_64_TO_32_BIT_CONVERSION = YES;
				GCC_WARN_ABOUT_RETURN_TYPE = YES_ERROR;
				GCC_WARN_UNDECLARED_SELECTOR = YES;
				GCC_WARN_UNINITIALIZED_AUTOS = YES_AGGRESSIVE;
				GCC_WARN_UNUSED_FUNCTION = YES;
				GCC_WARN_UNUSED_VARIABLE = YES;
				IPHONEOS_DEPLOYMENT_TARGET = 16.2;
				MTL_ENABLE_DEBUG_INFO = INCLUDE_SOURCE;
				MTL_FAST_MATH = YES;
				ONLY_ACTIVE_ARCH = YES;
				SDKROOT = iphoneos;
				SWIFT_ACTIVE_COMPILATION_CONDITIONS = DEBUG;
				SWIFT_OPTIMIZATION_LEVEL = "-Onone";
			};
			name = Debug;
		};
		602147D62A80C4370031F0B0 /* Release */ = {
			isa = XCBuildConfiguration;
			buildSettings = {
				ALWAYS_SEARCH_USER_PATHS = NO;
				CLANG_ANALYZER_NONNULL = YES;
				CLANG_ANALYZER_NUMBER_OBJECT_CONVERSION = YES_AGGRESSIVE;
				CLANG_CXX_LANGUAGE_STANDARD = "gnu++20";
				CLANG_ENABLE_MODULES = YES;
				CLANG_ENABLE_OBJC_ARC = YES;
				CLANG_ENABLE_OBJC_WEAK = YES;
				CLANG_WARN_BLOCK_CAPTURE_AUTORELEASING = YES;
				CLANG_WARN_BOOL_CONVERSION = YES;
				CLANG_WARN_COMMA = YES;
				CLANG_WARN_CONSTANT_CONVERSION = YES;
				CLANG_WARN_DEPRECATED_OBJC_IMPLEMENTATIONS = YES;
				CLANG_WARN_DIRECT_OBJC_ISA_USAGE = YES_ERROR;
				CLANG_WARN_DOCUMENTATION_COMMENTS = YES;
				CLANG_WARN_EMPTY_BODY = YES;
				CLANG_WARN_ENUM_CONVERSION = YES;
				CLANG_WARN_INFINITE_RECURSION = YES;
				CLANG_WARN_INT_CONVERSION = YES;
				CLANG_WARN_NON_LITERAL_NULL_CONVERSION = YES;
				CLANG_WARN_OBJC_IMPLICIT_RETAIN_SELF = YES;
				CLANG_WARN_OBJC_LITERAL_CONVERSION = YES;
				CLANG_WARN_OBJC_ROOT_CLASS = YES_ERROR;
				CLANG_WARN_QUOTED_INCLUDE_IN_FRAMEWORK_HEADER = YES;
				CLANG_WARN_RANGE_LOOP_ANALYSIS = YES;
				CLANG_WARN_STRICT_PROTOTYPES = YES;
				CLANG_WARN_SUSPICIOUS_MOVE = YES;
				CLANG_WARN_UNGUARDED_AVAILABILITY = YES_AGGRESSIVE;
				CLANG_WARN_UNREACHABLE_CODE = YES;
				CLANG_WARN__DUPLICATE_METHOD_MATCH = YES;
				COPY_PHASE_STRIP = NO;
				DEBUG_INFORMATION_FORMAT = "dwarf-with-dsym";
				ENABLE_NS_ASSERTIONS = NO;
				ENABLE_STRICT_OBJC_MSGSEND = YES;
				GCC_C_LANGUAGE_STANDARD = gnu11;
				GCC_NO_COMMON_BLOCKS = YES;
				GCC_WARN_64_TO_32_BIT_CONVERSION = YES;
				GCC_WARN_ABOUT_RETURN_TYPE = YES_ERROR;
				GCC_WARN_UNDECLARED_SELECTOR = YES;
				GCC_WARN_UNINITIALIZED_AUTOS = YES_AGGRESSIVE;
				GCC_WARN_UNUSED_FUNCTION = YES;
				GCC_WARN_UNUSED_VARIABLE = YES;
				IPHONEOS_DEPLOYMENT_TARGET = 16.2;
				MTL_ENABLE_DEBUG_INFO = NO;
				MTL_FAST_MATH = YES;
				SDKROOT = iphoneos;
				SWIFT_COMPILATION_MODE = wholemodule;
				SWIFT_OPTIMIZATION_LEVEL = "-O";
				VALIDATE_PRODUCT = YES;
			};
			name = Release;
		};
		602147D82A80C4370031F0B0 /* Debug */ = {
			isa = XCBuildConfiguration;
			buildSettings = {
				ASSETCATALOG_COMPILER_APPICON_NAME = AppIcon;
				ASSETCATALOG_COMPILER_GLOBAL_ACCENT_COLOR_NAME = AccentColor;
				CODE_SIGN_STYLE = Automatic;
				CURRENT_PROJECT_VERSION = 1;
				GENERATE_INFOPLIST_FILE = YES;
				INFOPLIST_FILE = api4/Info.plist;
				INFOPLIST_KEY_UIApplicationSupportsIndirectInputEvents = YES;
				INFOPLIST_KEY_UILaunchStoryboardName = LaunchScreen;
				INFOPLIST_KEY_UIMainStoryboardFile = Main;
				INFOPLIST_KEY_UISupportedInterfaceOrientations_iPad = "UIInterfaceOrientationPortrait UIInterfaceOrientationPortraitUpsideDown UIInterfaceOrientationLandscapeLeft UIInterfaceOrientationLandscapeRight";
				INFOPLIST_KEY_UISupportedInterfaceOrientations_iPhone = "UIInterfaceOrientationPortrait UIInterfaceOrientationLandscapeLeft UIInterfaceOrientationLandscapeRight";
				LD_RUNPATH_SEARCH_PATHS = (
					"$(inherited)",
					"@executable_path/Frameworks",
				);
				MARKETING_VERSION = 1.0;
				PRODUCT_BUNDLE_IDENTIFIER = tabaleview.api4;
				PRODUCT_NAME = "$(TARGET_NAME)";
				SWIFT_EMIT_LOC_STRINGS = YES;
				SWIFT_VERSION = 5.0;
				TARGETED_DEVICE_FAMILY = "1,2";
			};
			name = Debug;
		};
		602147D92A80C4370031F0B0 /* Release */ = {
			isa = XCBuildConfiguration;
			buildSettings = {
				ASSETCATALOG_COMPILER_APPICON_NAME = AppIcon;
				ASSETCATALOG_COMPILER_GLOBAL_ACCENT_COLOR_NAME = AccentColor;
				CODE_SIGN_STYLE = Automatic;
				CURRENT_PROJECT_VERSION = 1;
				GENERATE_INFOPLIST_FILE = YES;
				INFOPLIST_FILE = api4/Info.plist;
				INFOPLIST_KEY_UIApplicationSupportsIndirectInputEvents = YES;
				INFOPLIST_KEY_UILaunchStoryboardName = LaunchScreen;
				INFOPLIST_KEY_UIMainStoryboardFile = Main;
				INFOPLIST_KEY_UISupportedInterfaceOrientations_iPad = "UIInterfaceOrientationPortrait UIInterfaceOrientationPortraitUpsideDown UIInterfaceOrientationLandscapeLeft UIInterfaceOrientationLandscapeRight";
				INFOPLIST_KEY_UISupportedInterfaceOrientations_iPhone = "UIInterfaceOrientationPortrait UIInterfaceOrientationLandscapeLeft UIInterfaceOrientationLandscapeRight";
				LD_RUNPATH_SEARCH_PATHS = (
					"$(inherited)",
					"@executable_path/Frameworks",
				);
				MARKETING_VERSION = 1.0;
				PRODUCT_BUNDLE_IDENTIFIER = tabaleview.api4;
				PRODUCT_NAME = "$(TARGET_NAME)";
				SWIFT_EMIT_LOC_STRINGS = YES;
				SWIFT_VERSION = 5.0;
				TARGETED_DEVICE_FAMILY = "1,2";
			};
			name = Release;
		};
		602147DB2A80C4370031F0B0 /* Debug */ = {
			isa = XCBuildConfiguration;
			buildSettings = {
				ALWAYS_EMBED_SWIFT_STANDARD_LIBRARIES = YES;
				BUNDLE_LOADER = "$(TEST_HOST)";
				CODE_SIGN_STYLE = Automatic;
				CURRENT_PROJECT_VERSION = 1;
				GENERATE_INFOPLIST_FILE = YES;
				IPHONEOS_DEPLOYMENT_TARGET = 16.2;
				MARKETING_VERSION = 1.0;
				PRODUCT_BUNDLE_IDENTIFIER = tabaleview.api4Tests;
				PRODUCT_NAME = "$(TARGET_NAME)";
				SWIFT_EMIT_LOC_STRINGS = NO;
				SWIFT_VERSION = 5.0;
				TARGETED_DEVICE_FAMILY = "1,2";
				TEST_HOST = "$(BUILT_PRODUCTS_DIR)/api4.app/$(BUNDLE_EXECUTABLE_FOLDER_PATH)/api4";
			};
			name = Debug;
		};
		602147DC2A80C4370031F0B0 /* Release */ = {
			isa = XCBuildConfiguration;
			buildSettings = {
				ALWAYS_EMBED_SWIFT_STANDARD_LIBRARIES = YES;
				BUNDLE_LOADER = "$(TEST_HOST)";
				CODE_SIGN_STYLE = Automatic;
				CURRENT_PROJECT_VERSION = 1;
				GENERATE_INFOPLIST_FILE = YES;
				IPHONEOS_DEPLOYMENT_TARGET = 16.2;
				MARKETING_VERSION = 1.0;
				PRODUCT_BUNDLE_IDENTIFIER = tabaleview.api4Tests;
				PRODUCT_NAME = "$(TARGET_NAME)";
				SWIFT_EMIT_LOC_STRINGS = NO;
				SWIFT_VERSION = 5.0;
				TARGETED_DEVICE_FAMILY = "1,2";
				TEST_HOST = "$(BUILT_PRODUCTS_DIR)/api4.app/$(BUNDLE_EXECUTABLE_FOLDER_PATH)/api4";
			};
			name = Release;
		};
		602147DE2A80C4370031F0B0 /* Debug */ = {
			isa = XCBuildConfiguration;
			buildSettings = {
				ALWAYS_EMBED_SWIFT_STANDARD_LIBRARIES = YES;
				CODE_SIGN_STYLE = Automatic;
				CURRENT_PROJECT_VERSION = 1;
				GENERATE_INFOPLIST_FILE = YES;
				MARKETING_VERSION = 1.0;
				PRODUCT_BUNDLE_IDENTIFIER = tabaleview.api4UITests;
				PRODUCT_NAME = "$(TARGET_NAME)";
				SWIFT_EMIT_LOC_STRINGS = NO;
				SWIFT_VERSION = 5.0;
				TARGETED_DEVICE_FAMILY = "1,2";
				TEST_TARGET_NAME = api4;
			};
			name = Debug;
		};
		602147DF2A80C4370031F0B0 /* Release */ = {
			isa = XCBuildConfiguration;
			buildSettings = {
				ALWAYS_EMBED_SWIFT_STANDARD_LIBRARIES = YES;
				CODE_SIGN_STYLE = Automatic;
				CURRENT_PROJECT_VERSION = 1;
				GENERATE_INFOPLIST_FILE = YES;
				MARKETING_VERSION = 1.0;
				PRODUCT_BUNDLE_IDENTIFIER = tabaleview.api4UITests;
				PRODUCT_NAME = "$(TARGET_NAME)";
				SWIFT_EMIT_LOC_STRINGS = NO;
				SWIFT_VERSION = 5.0;
				TARGETED_DEVICE_FAMILY = "1,2";
				TEST_TARGET_NAME = api4;
			};
			name = Release;
		};
/* End XCBuildConfiguration section */

/* Begin XCConfigurationList section */
		602147A82A80C4360031F0B0 /* Build configuration list for PBXProject "api4" */ = {
			isa = XCConfigurationList;
			buildConfigurations = (
				602147D52A80C4370031F0B0 /* Debug */,
				602147D62A80C4370031F0B0 /* Release */,
			);
			defaultConfigurationIsVisible = 0;
			defaultConfigurationName = Release;
		};
		602147D72A80C4370031F0B0 /* Build configuration list for PBXNativeTarget "api4" */ = {
			isa = XCConfigurationList;
			buildConfigurations = (
				602147D82A80C4370031F0B0 /* Debug */,
				602147D92A80C4370031F0B0 /* Release */,
			);
			defaultConfigurationIsVisible = 0;
			defaultConfigurationName = Release;
		};
		602147DA2A80C4370031F0B0 /* Build configuration list for PBXNativeTarget "api4Tests" */ = {
			isa = XCConfigurationList;
			buildConfigurations = (
				602147DB2A80C4370031F0B0 /* Debug */,
				602147DC2A80C4370031F0B0 /* Release */,
			);
			defaultConfigurationIsVisible = 0;
			defaultConfigurationName = Release;
		};
		602147DD2A80C4370031F0B0 /* Build configuration list for PBXNativeTarget "api4UITests" */ = {
			isa = XCConfigurationList;
			buildConfigurations = (
				602147DE2A80C4370031F0B0 /* Debug */,
				602147DF2A80C4370031F0B0 /* Release */,
			);
			defaultConfigurationIsVisible = 0;
			defaultConfigurationName = Release;
		};
/* End XCConfigurationList section */

/* Begin XCRemoteSwiftPackageReference section */
		602147E22A80C50F0031F0B0 /* XCRemoteSwiftPackageReference "Alamofire" */ = {
			isa = XCRemoteSwiftPackageReference;
			repositoryURL = "https://github.com/Alamofire/Alamofire";
			requirement = {
				branch = master;
				kind = branch;
			};
		};
/* End XCRemoteSwiftPackageReference section */

/* Begin XCSwiftPackageProductDependency section */
		602147E32A80C50F0031F0B0 /* Alamofire */ = {
			isa = XCSwiftPackageProductDependency;
			package = 602147E22A80C50F0031F0B0 /* XCRemoteSwiftPackageReference "Alamofire" */;
			productName = Alamofire;
		};
/* End XCSwiftPackageProductDependency section */
	};
	rootObject = 602147A52A80C4360031F0B0 /* Project object */;
}
